
Microsoft Visual Studio Solution File, Format Version 12.00
# Visual Studio Version 17
VisualStudioVersion = 17.9.34728.123
MinimumVisualStudioVersion = 10.0.40219.1
Project("{FAE04EC0-301F-11D3-BF4B-00C04F79EFBC}") = "GamesLauncher", "GamesLauncher\GamesLauncher.csproj", "{4FA12742-D78E-4908-9C74-13C3EFEA3A98}"
EndProject
Global
	GlobalSection(SolutionConfigurationPlatforms) = preSolution
		Debug|Any CPU = Debug|Any CPU
		Release|Any CPU = Release|Any CPU
	EndGlobalSection
	GlobalSection(ProjectConfigurationPlatforms) = postSolution
		{4FA12742-D78E-4908-9C74-13C3EFEA3A98}.Debug|Any CPU.ActiveCfg = Debug|Any CPU
		{4FA12742-D78E-4908-9C74-13C3EFEA3A98}.Debug|Any CPU.Build.0 = Debug|Any CPU
		{4FA12742-D78E-4908-9C74-13C3EFEA3A98}.Release|Any CPU.ActiveCfg = Release|Any CPU
		{4FA12742-D78E-4908-9C74-13C3EFEA3A98}.Release|Any CPU.Build.0 = Release|Any CPU
	EndGlobalSection
	GlobalSection(SolutionProperties) = preSolution
		HideSolutionNode = FALSE
	EndGlobalSection
	GlobalSection(ExtensibilityGlobals) = postSolution
		SolutionGuid = {CD7CCF2F-8DB6-41AB-9E3A-4307BF74BBC7}
	EndGlobalSection
EndGlobal
